// !$*UTF8*$!
{
	archiveVersion = 1;
	classes = {
	};
	objectVersion = 46;
	objects = {

/* Begin PBXBuildFile section */
		69ABD8851F41893500647BFB /* main.m in Sources */ = {isa = PBXBuildFile; fileRef = 69ABD8841F41893500647BFB /* main.m */; };
		69ABD8881F41893500647BFB /* AppDelegate.m in Sources */ = {isa = PBXBuildFile; fileRef = 69ABD8871F41893500647BFB /* AppDelegate.m */; };
		69ABD88B1F41893500647BFB /* ViewController.m in Sources */ = {isa = PBXBuildFile; fileRef = 69ABD88A1F41893500647BFB /* ViewController.m */; };
		69ABD88E1F41893500647BFB /* Main.storyboard in Resources */ = {isa = PBXBuildFile; fileRef = 69ABD88C1F41893500647BFB /* Main.storyboard */; };
		69ABD8901F41893500647BFB /* Assets.xcassets in Resources */ = {isa = PBXBuildFile; fileRef = 69ABD88F1F41893500647BFB /* Assets.xcassets */; };
		69ABD8931F41893500647BFB /* LaunchScreen.storyboard in Resources */ = {isa = PBXBuildFile; fileRef = 69ABD8911F41893500647BFB /* LaunchScreen.storyboard */; };
		69ABD89C1F41894A00647BFB /* QSSuspensionButton.m in Sources */ = {isa = PBXBuildFile; fileRef = 69ABD89B1F41894A00647BFB /* QSSuspensionButton.m */; };
/* End PBXBuildFile section */

/* Begin PBXFileReference section */
		69ABD8801F41893500647BFB /* SuspensionButton.app */ = {isa = PBXFileReference; explicitFileType = wrapper.application; includeInIndex = 0; path = SuspensionButton.app; sourceTree = BUILT_PRODUCTS_DIR; };
		69ABD8841F41893500647BFB /* main.m */ = {isa = PBXFileReference; lastKnownFileType = sourcecode.c.objc; path = main.m; sourceTree = "<group>"; };
		69ABD8861F41893500647BFB /* AppDelegate.h */ = {isa = PBXFileReference; lastKnownFileType = sourcecode.c.h; path = AppDelegate.h; sourceTree = "<group>"; };
		69ABD8871F41893500647BFB /* AppDelegate.m */ = {isa = PBXFileReference; lastKnownFileType = sourcecode.c.objc; path = AppDelegate.m; sourceTree = "<group>"; };
		69ABD8891F41893500647BFB /* ViewController.h */ = {isa = PBXFileReference; lastKnownFileType = sourcecode.c.h; path = ViewController.h; sourceTree = "<group>"; };
		69ABD88A1F41893500647BFB /* ViewController.m */ = {isa = PBXFileReference; lastKnownFileType = sourcecode.c.objc; path = ViewController.m; sourceTree = "<group>"; };
		69ABD88D1F41893500647BFB /* Base */ = {isa = PBXFileReference; lastKnownFileType = file.storyboard; name = Base; path = Base.lproj/Main.storyboard; sourceTree = "<group>"; };
		69ABD88F1F41893500647BFB /* Assets.xcassets */ = {isa = PBXFileReference; lastKnownFileType = folder.assetcatalog; path = Assets.xcassets; sourceTree = "<group>"; };
		69ABD8921F41893500647BFB /* Base */ = {isa = PBXFileReference; lastKnownFileType = file.storyboard; name = Base; path = Base.lproj/LaunchScreen.storyboard; sourceTree = "<group>"; };
		69ABD8941F41893500647BFB /* Info.plist */ = {isa = PBXFileReference; lastKnownFileType = text.plist.xml; path = Info.plist; sourceTree = "<group>"; };
		69ABD89A1F41894A00647BFB /* QSSuspensionButton.h */ = {isa = PBXFileReference; fileEncoding = 4; lastKnownFileType = sourcecode.c.h; path = QSSuspensionButton.h; sourceTree = "<group>"; };
		69ABD89B1F41894A00647BFB /* QSSuspensionButton.m */ = {isa = PBXFileReference; fileEncoding = 4; lastKnownFileType = sourcecode.c.objc; path = QSSuspensionButton.m; sourceTree = "<group>"; };
/* End PBXFileReference section */

/* Begin PBXFrameworksBuildPhase section */
		69ABD87D1F41893500647BFB /* Frameworks */ = {
			isa = PBXFrameworksBuildPhase;
			buildActionMask = 2147483647;
			files = (
			);
			runOnlyForDeploymentPostprocessing = 0;
		};
/* End PBXFrameworksBuildPhase section */

/* Begin PBXGroup section */
		69ABD8771F41893500647BFB = {
			isa = PBXGroup;
			children = (
				69ABD8821F41893500647BFB /* SuspensionButton */,
				69ABD8811F41893500647BFB /* Products */,
			);
			sourceTree = "<group>";
		};
		69ABD8811F41893500647BFB /* Products */ = {
			isa = PBXGroup;
			children = (
				69ABD8801F41893500647BFB /* SuspensionButton.app */,
			);
			name = Products;
			sourceTree = "<group>";
		};
		69ABD8821F41893500647BFB /* SuspensionButton */ = {
			isa = PBXGroup;
			children = (
				69ABD8861F41893500647BFB /* AppDelegate.h */,
				69ABD8871F41893500647BFB /* AppDelegate.m */,
				69ABD8891F41893500647BFB /* ViewController.h */,
				69ABD88A1F41893500647BFB /* ViewController.m */,
				69ABD89A1F41894A00647BFB /* QSSuspensionButton.h */,
				69ABD89B1F41894A00647BFB /* QSSuspensionButton.m */,
				69ABD88C1F41893500647BFB /* Main.storyboard */,
				69ABD88F1F41893500647BFB /* Assets.xcassets */,
				69ABD8911F41893500647BFB /* LaunchScreen.storyboard */,
				69ABD8941F41893500647BFB /* Info.plist */,
				69ABD8831F41893500647BFB /* Supporting Files */,
			);
			path = SuspensionButton;
			sourceTree = "<group>";
		};
		69ABD8831F41893500647BFB /* Supporting Files */ = {
			isa = PBXGroup;
			children = (
				69ABD8841F41893500647BFB /* main.m */,
			);
			name = "Supporting Files";
			sourceTree = "<group>";
		};
/* End PBXGroup section */

/* Begin PBXNativeTarget section */
		69ABD87F1F41893500647BFB /* SuspensionButton */ = {
			isa = PBXNativeTarget;
			buildConfigurationList = 69ABD8971F41893600647BFB /* Build configuration list for PBXNativeTarget "SuspensionButton" */;
			buildPhases = (
				69ABD87C1F41893500647BFB /* Sources */,
				69ABD87D1F41893500647BFB /* Frameworks */,
				69ABD87E1F41893500647BFB /* Resources */,
			);
			buildRules = (
			);
			dependencies = (
			);
			name = SuspensionButton;
			productName = SuspensionButton;
			productReference = 69ABD8801F41893500647BFB /* SuspensionButton.app */;
			productType = "com.apple.product-type.application";
		};
/* End PBXNativeTarget section */

/* Begin PBXProject section */
		69ABD8781F41893500647BFB /* Project object */ = {
			isa = PBXProject;
			attributes = {
				LastUpgradeCheck = 0830;
				ORGANIZATIONNAME = MrPrograming;
				TargetAttributes = {
					69ABD87F1F41893500647BFB = {
						CreatedOnToolsVersion = 8.3.2;
						DevelopmentTeam = P2J5H8Z7L8;
						ProvisioningStyle = Automatic;
					};
				};
			};
			buildConfigurationList = 69ABD87B1F41893500647BFB /* Build configuration list for PBXProject "SuspensionButton" */;
			compatibilityVersion = "Xcode 3.2";
			developmentRegion = English;
			hasScannedForEncodings = 0;
			knownRegions = (
				en,
				Base,
			);
			mainGroup = 69ABD8771F41893500647BFB;
			productRefGroup = 69ABD8811F41893500647BFB /* Products */;
			projectDirPath = "";
			projectRoot = "";
			targets = (
				69ABD87F1F41893500647BFB /* SuspensionButton */,
			);
		};
/* End PBXProject section */

/* Begin PBXResourcesBuildPhase section */
		69ABD87E1F41893500647BFB /* Resources */ = {
			isa = PBXResourcesBuildPhase;
			buildActionMask = 2147483647;
			files = (
				69ABD8931F41893500647BFB /* LaunchScreen.storyboard in Resources */,
				69ABD8901F41893500647BFB /* Assets.xcassets in Resources */,
				69ABD88E1F41893500647BFB /* Main.storyboard in Resources */,
			);
			runOnlyForDeploymentPostprocessing = 0;
		};
/* End PBXResourcesBuildPhase section */

/* Begin PBXSourcesBuildPhase section */
		69ABD87C1F41893500647BFB /* Sources */ = {
			isa = PBXSourcesBuildPhase;
			buildActionMask = 2147483647;
			files = (
				69ABD88B1F41893500647BFB /* ViewController.m in Sources */,
				69ABD8881F41893500647BFB /* AppDelegate.m in Sources */,
				69ABD89C1F41894A00647BFB /* QSSuspensionButton.m in Sources */,
				69ABD8851F41893500647BFB /* main.m in Sources */,
			);
			runOnlyForDeploymentPostprocessing = 0;
		};
/* End PBXSourcesBuildPhase section */

/* Begin PBXVariantGroup section */
		69ABD88C1F41893500647BFB /* Main.storyboard */ = {
			isa = PBXVariantGroup;
			children = (
				69ABD88D1F41893500647BFB /* Base */,
			);
			name = Main.storyboard;
			sourceTree = "<group>";
		};
		69ABD8911F41893500647BFB /* LaunchScreen.storyboard */ = {
			isa = PBXVariantGroup;
			children = (
				69ABD8921F41893500647BFB /* Base */,
			);
			name = LaunchScreen.storyboard;
			sourceTree = "<group>";
		};
/* End PBXVariantGroup section */

/* Begin XCBuildConfiguration section */
		69ABD8951F41893600647BFB /* Debug */ = {
			isa = XCBuildConfiguration;
			buildSettings = {
				ALWAYS_SEARCH_USER_PATHS = NO;
				CLANG_ANALYZER_NONNULL = YES;
				CLANG_ANALYZER_NUMBER_OBJECT_CONVERSION = YES_AGGRESSIVE;
				CLANG_CXX_LANGUAGE_STANDARD = "gnu++0x";
				CLANG_CXX_LIBRARY = "libc++";
				CLANG_ENABLE_MODULES = YES;
				CLANG_ENABLE_OBJC_ARC = YES;
				CLANG_WARN_BOOL_CONVERSION = YES;
				CLANG_WARN_CONSTANT_CONVERSION = YES;
				CLANG_WARN_DIRECT_OBJC_ISA_USAGE = YES_ERROR;
				CLANG_WARN_DOCUMENTATION_COMMENTS = YES;
				CLANG_WARN_EMPTY_BODY = YES;
				CLANG_WARN_ENUM_CONVERSION = YES;
				CLANG_WARN_INFINITE_RECURSION = YES;
				CLANG_WARN_INT_CONVERSION = YES;
				CLANG_WARN_OBJC_ROOT_CLASS = YES_ERROR;
				CLANG_WARN_SUSPICIOUS_MOVE = YES;
				CLANG_WARN_UNREACHABLE_CODE = YES;
				CLANG_WARN__DUPLICATE_METHOD_MATCH = YES;
				"CODE_SIGN_IDENTITY[sdk=iphoneos*]" = "iPhone Developer";
				COPY_PHASE_STRIP = NO;
				DEBUG_INFORMATION_FORMAT = dwarf;
				ENABLE_STRICT_OBJC_MSGSEND = YES;
				ENABLE_TESTABILITY = YES;
				GCC_C_LANGUAGE_STANDARD = gnu99;
				GCC_DYNAMIC_NO_PIC = NO;
				GCC_NO_COMMON_BLOCKS = YES;
				GCC_OPTIMIZATION_LEVEL = 0;
				GCC_PREPROCESSOR_DEFINITIONS = (
					"DEBUG=1",
					"$(inherited)",
				);
				GCC_WARN_64_TO_32_BIT_CONVERSION = YES;
				GCC_WARN_ABOUT_RETURN_TYPE = YES_ERROR;
				GCC_WARN_UNDECLARED_SELECTOR = YES;
				GCC_WARN_UNINITIALIZED_AUTOS = YES_AGGRESSIVE;
				GCC_WARN_UNUSED_FUNCTION = YES;
				GCC_WARN_UNUSED_VARIABLE = YES;
				IPHONEOS_DEPLOYMENT_TARGET = 10.3;
				MTL_ENABLE_DEBUG_INFO = YES;
				ONLY_ACTIVE_ARCH = YES;
				SDKROOT = iphoneos;
			};
			name = Debug;
		};
		69ABD8961F41893600647BFB /* Release */ = {
			isa = XCBuildConfiguration;
			buildSettings = {
				ALWAYS_SEARCH_USER_PATHS = NO;
				CLANG_ANALYZER_NONNULL = YES;
				CLANG_ANALYZER_NUMBER_OBJECT_CONVERSION = YES_AGGRESSIVE;
				CLANG_CXX_LANGUAGE_STANDARD = "gnu++0x";
				CLANG_CXX_LIBRARY = "libc++";
				CLANG_ENABLE_MODULES = YES;
				CLANG_ENABLE_OBJC_ARC = YES;
				CLANG_WARN_BOOL_CONVERSION = YES;
				CLANG_WARN_CONSTANT_CONVERSION = YES;
				CLANG_WARN_DIRECT_OBJC_ISA_USAGE = YES_ERROR;
				CLANG_WARN_DOCUMENTATION_COMMENTS = YES;
				CLANG_WARN_EMPTY_BODY = YES;
				CLANG_WARN_ENUM_CONVERSION = YES;
				CLANG_WARN_INFINITE_RECURSION = YES;
				CLANG_WARN_INT_CONVERSION = YES;
				CLANG_WARN_OBJC_ROOT_CLASS = YES_ERROR;
				CLANG_WARN_SUSPICIOUS_MOVE = YES;
				CLANG_WARN_UNREACHABLE_CODE = YES;
				CLANG_WARN__DUPLICATE_METHOD_MATCH = YES;
				"CODE_SIGN_IDENTITY[sdk=iphoneos*]" = "iPhone Developer";
				COPY_PHASE_STRIP = NO;
				DEBUG_INFORMATION_FORMAT = "dwarf-with-dsym";
				ENABLE_NS_ASSERTIONS = NO;
				ENABLE_STRICT_OBJC_MSGSEND = YES;
				GCC_C_LANGUAGE_STANDARD = gnu99;
				GCC_NO_COMMON_BLOCKS = YES;
				GCC_WARN_64_TO_32_BIT_CONVERSION = YES;
				GCC_WARN_ABOUT_RETURN_TYPE = YES_ERROR;
				GCC_WARN_UNDECLARED_SELECTOR = YES;
				GCC_WARN_UNINITIALIZED_AUTOS = YES_AGGRESSIVE;
				GCC_WARN_UNUSED_FUNCTION = YES;
				GCC_WARN_UNUSED_VARIABLE = YES;
				IPHONEOS_DEPLOYMENT_TARGET = 10.3;
				MTL_ENABLE_DEBUG_INFO = NO;
				SDKROOT = iphoneos;
				VALIDATE_PRODUCT = YES;
			};
			name = Release;
		};
		69ABD8981F41893600647BFB /* Debug */ = {
			isa = XCBuildConfiguration;
			buildSettings = {
				ASSETCATALOG_COMPILER_APPICON_NAME = AppIcon;
				DEVELOPMENT_TEAM = P2J5H8Z7L8;
				INFOPLIST_FILE = SuspensionButton/Info.plist;
				LD_RUNPATH_SEARCH_PATHS = "$(inherited) @executable_path/Frameworks";
				PRODUCT_BUNDLE_IDENTIFIER = com.qianshuai.SuspensionButton;
				PRODUCT_NAME = "$(TARGET_NAME)";
			};
			name = Debug;
		};
		69ABD8991F41893600647BFB /* Release */ = {
			isa = XCBuildConfiguration;
			buildSettings = {
				ASSETCATALOG_COMPILER_APPICON_NAME = AppIcon;
				DEVELOPMENT_TEAM = P2J5H8Z7L8;
				INFOPLIST_FILE = SuspensionButton/Info.plist;
				LD_RUNPATH_SEARCH_PATHS = "$(inherited) @executable_path/Frameworks";
				PRODUCT_BUNDLE_IDENTIFIER = com.qianshuai.SuspensionButton;
				PRODUCT_NAME = "$(TARGET_NAME)";
			};
			name = Release;
		};
/* End XCBuildConfiguration section */

/* Begin XCConfigurationList section */
		69ABD87B1F41893500647BFB /* Build configuration list for PBXProject "SuspensionButton" */ = {
			isa = XCConfigurationList;
			buildConfigurations = (
				69ABD8951F41893600647BFB /* Debug */,
				69ABD8961F41893600647BFB /* Release */,
			);
			defaultConfigurationIsVisible = 0;
			defaultConfigurationName = Release;
		};
		69ABD8971F41893600647BFB /* Build configuration list for PBXNativeTarget "SuspensionButton" */ = {
			isa = XCConfigurationList;
			buildConfigurations = (
				69ABD8981F41893600647BFB /* Debug */,
				69ABD8991F41893600647BFB /* Release */,
			);
			defaultConfigurationIsVisible = 0;
		};
/* End XCConfigurationList section */
	};
	rootObject = 69ABD8781F41893500647BFB /* Project object */;
}
